
Microsoft Visual Studio Solution File, Format Version 12.00
# Visual Studio Version 16
VisualStudioVersion = 16.0.31019.35
MinimumVisualStudioVersion = 10.0.40219.1
Project("{FAE04EC0-301F-11D3-BF4B-00C04F79EFBC}") = "Drink_Admin", "Drink_Admin\Drink_Admin.csproj", "{A6987054-0CEF-48AB-B0D5-69E6DE3B3DF8}"
EndProject
Project("{FAE04EC0-301F-11D3-BF4B-00C04F79EFBC}") = "Drink_Client", "Drink_Client\Drink_Client.csproj", "{1D00CF10-93EE-4EBA-A392-61E09F250F1C}"
EndProject
Global
	GlobalSection(SolutionConfigurationPlatforms) = preSolution
		Debug|Any CPU = Debug|Any CPU
		Release|Any CPU = Release|Any CPU
	EndGlobalSection
	GlobalSection(ProjectConfigurationPlatforms) = postSolution
		{A6987054-0CEF-48AB-B0D5-69E6DE3B3DF8}.Debug|Any CPU.ActiveCfg = Debug|Any CPU
		{A6987054-0CEF-48AB-B0D5-69E6DE3B3DF8}.Debug|Any CPU.Build.0 = Debug|Any CPU
		{A6987054-0CEF-48AB-B0D5-69E6DE3B3DF8}.Release|Any CPU.ActiveCfg = Release|Any CPU
		{A6987054-0CEF-48AB-B0D5-69E6DE3B3DF8}.Release|Any CPU.Build.0 = Release|Any CPU
		{1D00CF10-93EE-4EBA-A392-61E09F250F1C}.Debug|Any CPU.ActiveCfg = Debug|Any CPU
		{1D00CF10-93EE-4EBA-A392-61E09F250F1C}.Debug|Any CPU.Build.0 = Debug|Any CPU
		{1D00CF10-93EE-4EBA-A392-61E09F250F1C}.Release|Any CPU.ActiveCfg = Release|Any CPU
		{1D00CF10-93EE-4EBA-A392-61E09F250F1C}.Release|Any CPU.Build.0 = Release|Any CPU
	EndGlobalSection
	GlobalSection(SolutionProperties) = preSolution
		HideSolutionNode = FALSE
	EndGlobalSection
	GlobalSection(ExtensibilityGlobals) = postSolution
		SolutionGuid = {F761C942-909E-4964-83A3-BD1D7FDE9E5A}
	EndGlobalSection
EndGlobal
